
Microsoft Visual Studio Solution File, Format Version 12.00
# Visual Studio Version 17
VisualStudioVersion = 17.4.33205.214
MinimumVisualStudioVersion = 10.0.40219.1
Project("{FAE04EC0-301F-11D3-BF4B-00C04F79EFBC}") = "blogAPI", "blogAPI\blogAPI.csproj", "{433E5576-3746-4387-BF88-ADA9F39BFAB2}"
EndProject
Project("{FAE04EC0-301F-11D3-BF4B-00C04F79EFBC}") = "Application", "Application\Application.csproj", "{7CC04D80-AA57-4A7E-9E51-A42C3D24D116}"
EndProject
Project("{FAE04EC0-301F-11D3-BF4B-00C04F79EFBC}") = "Domain", "Domain\Domain.csproj", "{C43FCC46-CC32-43C7-BC84-586FDA0085A8}"
EndProject
Project("{FAE04EC0-301F-11D3-BF4B-00C04F79EFBC}") = "Infraestructure", "Infraestructure\Infraestructure.csproj", "{5436FB7B-8108-46DE-B6A7-5AE0D9EB4938}"
EndProject
Project("{FAE04EC0-301F-11D3-BF4B-00C04F79EFBC}") = "Utils", "Utils\Utils.csproj", "{A20C361B-2D12-4B0D-87F7-CF76EC571764}"
EndProject
Global
	GlobalSection(SolutionConfigurationPlatforms) = preSolution
		Debug|Any CPU = Debug|Any CPU
		Release|Any CPU = Release|Any CPU
	EndGlobalSection
	GlobalSection(ProjectConfigurationPlatforms) = postSolution
		{433E5576-3746-4387-BF88-ADA9F39BFAB2}.Debug|Any CPU.ActiveCfg = Debug|Any CPU
		{433E5576-3746-4387-BF88-ADA9F39BFAB2}.Debug|Any CPU.Build.0 = Debug|Any CPU
		{433E5576-3746-4387-BF88-ADA9F39BFAB2}.Release|Any CPU.ActiveCfg = Release|Any CPU
		{433E5576-3746-4387-BF88-ADA9F39BFAB2}.Release|Any CPU.Build.0 = Release|Any CPU
		{7CC04D80-AA57-4A7E-9E51-A42C3D24D116}.Debug|Any CPU.ActiveCfg = Debug|Any CPU
		{7CC04D80-AA57-4A7E-9E51-A42C3D24D116}.Debug|Any CPU.Build.0 = Debug|Any CPU
		{7CC04D80-AA57-4A7E-9E51-A42C3D24D116}.Release|Any CPU.ActiveCfg = Release|Any CPU
		{7CC04D80-AA57-4A7E-9E51-A42C3D24D116}.Release|Any CPU.Build.0 = Release|Any CPU
		{C43FCC46-CC32-43C7-BC84-586FDA0085A8}.Debug|Any CPU.ActiveCfg = Debug|Any CPU
		{C43FCC46-CC32-43C7-BC84-586FDA0085A8}.Debug|Any CPU.Build.0 = Debug|Any CPU
		{C43FCC46-CC32-43C7-BC84-586FDA0085A8}.Release|Any CPU.ActiveCfg = Release|Any CPU
		{C43FCC46-CC32-43C7-BC84-586FDA0085A8}.Release|Any CPU.Build.0 = Release|Any CPU
		{5436FB7B-8108-46DE-B6A7-5AE0D9EB4938}.Debug|Any CPU.ActiveCfg = Debug|Any CPU
		{5436FB7B-8108-46DE-B6A7-5AE0D9EB4938}.Debug|Any CPU.Build.0 = Debug|Any CPU
		{5436FB7B-8108-46DE-B6A7-5AE0D9EB4938}.Release|Any CPU.ActiveCfg = Release|Any CPU
		{5436FB7B-8108-46DE-B6A7-5AE0D9EB4938}.Release|Any CPU.Build.0 = Release|Any CPU
		{A20C361B-2D12-4B0D-87F7-CF76EC571764}.Debug|Any CPU.ActiveCfg = Debug|Any CPU
		{A20C361B-2D12-4B0D-87F7-CF76EC571764}.Debug|Any CPU.Build.0 = Debug|Any CPU
		{A20C361B-2D12-4B0D-87F7-CF76EC571764}.Release|Any CPU.ActiveCfg = Release|Any CPU
		{A20C361B-2D12-4B0D-87F7-CF76EC571764}.Release|Any CPU.Build.0 = Release|Any CPU
	EndGlobalSection
	GlobalSection(SolutionProperties) = preSolution
		HideSolutionNode = FALSE
	EndGlobalSection
	GlobalSection(ExtensibilityGlobals) = postSolution
		SolutionGuid = {2C9AB557-0EC5-4076-8A80-07211835D368}
	EndGlobalSection
EndGlobal
